// !$*UTF8*$!
{
	archiveVersion = 1;
	classes = {
	};
	objectVersion = 56;
	objects = {

/* Begin PBXBuildFile section */
		8810CA4E29A53AD900B10D3C /* AppDelegate.swift in Sources */ = {isa = PBXBuildFile; fileRef = 8810CA4D29A53AD900B10D3C /* AppDelegate.swift */; };
		8810CA5029A53AD900B10D3C /* SceneDelegate.swift in Sources */ = {isa = PBXBuildFile; fileRef = 8810CA4F29A53AD900B10D3C /* SceneDelegate.swift */; };
		8810CA5229A53AD900B10D3C /* ViewController.swift in Sources */ = {isa = PBXBuildFile; fileRef = 8810CA5129A53AD900B10D3C /* ViewController.swift */; };
		8810CA5529A53AD900B10D3C /* Main.storyboard in Resources */ = {isa = PBXBuildFile; fileRef = 8810CA5329A53AD900B10D3C /* Main.storyboard */; };
		8810CA5729A53ADA00B10D3C /* Assets.xcassets in Resources */ = {isa = PBXBuildFile; fileRef = 8810CA5629A53ADA00B10D3C /* Assets.xcassets */; };
		8810CA5A29A53ADA00B10D3C /* LaunchScreen.storyboard in Resources */ = {isa = PBXBuildFile; fileRef = 8810CA5829A53ADA00B10D3C /* LaunchScreen.storyboard */; };
		8810CA6C29A5426E00B10D3C /* JuegoViewController.swift in Sources */ = {isa = PBXBuildFile; fileRef = 8810CA6B29A5426E00B10D3C /* JuegoViewController.swift */; };
		883D147629A65C6600190FC5 /* simon_dice.png in Resources */ = {isa = PBXBuildFile; fileRef = 883D147429A65B8500190FC5 /* simon_dice.png */; };
/* End PBXBuildFile section */

/* Begin PBXFileReference section */
		8810CA4A29A53AD900B10D3C /* Simon dice.app */ = {isa = PBXFileReference; explicitFileType = wrapper.application; includeInIndex = 0; path = "Simon dice.app"; sourceTree = BUILT_PRODUCTS_DIR; };
		8810CA4D29A53AD900B10D3C /* AppDelegate.swift */ = {isa = PBXFileReference; lastKnownFileType = sourcecode.swift; path = AppDelegate.swift; sourceTree = "<group>"; };
		8810CA4F29A53AD900B10D3C /* SceneDelegate.swift */ = {isa = PBXFileReference; lastKnownFileType = sourcecode.swift; path = SceneDelegate.swift; sourceTree = "<group>"; };
		8810CA5129A53AD900B10D3C /* ViewController.swift */ = {isa = PBXFileReference; lastKnownFileType = sourcecode.swift; path = ViewController.swift; sourceTree = "<group>"; };
		8810CA5429A53AD900B10D3C /* Base */ = {isa = PBXFileReference; lastKnownFileType = file.storyboard; name = Base; path = Base.lproj/Main.storyboard; sourceTree = "<group>"; };
		8810CA5629A53ADA00B10D3C /* Assets.xcassets */ = {isa = PBXFileReference; lastKnownFileType = folder.assetcatalog; path = Assets.xcassets; sourceTree = "<group>"; };
		8810CA5929A53ADA00B10D3C /* Base */ = {isa = PBXFileReference; lastKnownFileType = file.storyboard; name = Base; path = Base.lproj/LaunchScreen.storyboard; sourceTree = "<group>"; };
		8810CA5B29A53ADA00B10D3C /* Info.plist */ = {isa = PBXFileReference; lastKnownFileType = text.plist.xml; path = Info.plist; sourceTree = "<group>"; };
		8810CA6B29A5426E00B10D3C /* JuegoViewController.swift */ = {isa = PBXFileReference; lastKnownFileType = sourcecode.swift; path = JuegoViewController.swift; sourceTree = "<group>"; };
		883D147529A65BCE00190FC5 /* Base */ = {isa = PBXFileReference; lastKnownFileType = image.png; name = Base; path = Base.lproj/simon_dice.png; sourceTree = "<group>"; };
/* End PBXFileReference section */

/* Begin PBXFrameworksBuildPhase section */
		8810CA4729A53AD900B10D3C /* Frameworks */ = {
			isa = PBXFrameworksBuildPhase;
			buildActionMask = 2147483647;
			files = (
			);
			runOnlyForDeploymentPostprocessing = 0;
		};
/* End PBXFrameworksBuildPhase section */

/* Begin PBXGroup section */
		8810CA4129A53AD900B10D3C = {
			isa = PBXGroup;
			children = (
				8810CA4C29A53AD900B10D3C /* Simon dice */,
				8810CA4B29A53AD900B10D3C /* Products */,
			);
			sourceTree = "<group>";
		};
		8810CA4B29A53AD900B10D3C /* Products */ = {
			isa = PBXGroup;
			children = (
				8810CA4A29A53AD900B10D3C /* Simon dice.app */,
			);
			name = Products;
			sourceTree = "<group>";
		};
		8810CA4C29A53AD900B10D3C /* Simon dice */ = {
			isa = PBXGroup;
			children = (
				8810CA4D29A53AD900B10D3C /* AppDelegate.swift */,
				8810CA4F29A53AD900B10D3C /* SceneDelegate.swift */,
				8810CA5129A53AD900B10D3C /* ViewController.swift */,
				8810CA5329A53AD900B10D3C /* Main.storyboard */,
				8810CA5629A53ADA00B10D3C /* Assets.xcassets */,
				883D147429A65B8500190FC5 /* simon_dice.png */,
				8810CA5829A53ADA00B10D3C /* LaunchScreen.storyboard */,
				8810CA5B29A53ADA00B10D3C /* Info.plist */,
				8810CA6B29A5426E00B10D3C /* JuegoViewController.swift */,
			);
			path = "Simon dice";
			sourceTree = "<group>";
		};
/* End PBXGroup section */

/* Begin PBXNativeTarget section */
		8810CA4929A53AD900B10D3C /* Simon dice */ = {
			isa = PBXNativeTarget;
			buildConfigurationList = 8810CA5E29A53ADA00B10D3C /* Build configuration list for PBXNativeTarget "Simon dice" */;
			buildPhases = (
				8810CA4629A53AD900B10D3C /* Sources */,
				8810CA4729A53AD900B10D3C /* Frameworks */,
				8810CA4829A53AD900B10D3C /* Resources */,
			);
			buildRules = (
			);
			dependencies = (
			);
			name = "Simon dice";
			productName = "Simon dice";
			productReference = 8810CA4A29A53AD900B10D3C /* Simon dice.app */;
			productType = "com.apple.product-type.application";
		};
/* End PBXNativeTarget section */

/* Begin PBXProject section */
		8810CA4229A53AD900B10D3C /* Project object */ = {
			isa = PBXProject;
			attributes = {
				BuildIndependentTargetsInParallel = 1;
				LastSwiftUpdateCheck = 1420;
				LastUpgradeCheck = 1420;
				TargetAttributes = {
					8810CA4929A53AD900B10D3C = {
						CreatedOnToolsVersion = 14.2;
					};
				};
			};
			buildConfigurationList = 8810CA4529A53AD900B10D3C /* Build configuration list for PBXProject "Simon dice" */;
			compatibilityVersion = "Xcode 14.0";
			developmentRegion = en;
			hasScannedForEncodings = 0;
			knownRegions = (
				en,
				Base,
			);
			mainGroup = 8810CA4129A53AD900B10D3C;
			productRefGroup = 8810CA4B29A53AD900B10D3C /* Products */;
			projectDirPath = "";
			projectRoot = "";
			targets = (
				8810CA4929A53AD900B10D3C /* Simon dice */,
			);
		};
/* End PBXProject section */

/* Begin PBXResourcesBuildPhase section */
		8810CA4829A53AD900B10D3C /* Resources */ = {
			isa = PBXResourcesBuildPhase;
			buildActionMask = 2147483647;
			files = (
				8810CA5A29A53ADA00B10D3C /* LaunchScreen.storyboard in Resources */,
				8810CA5729A53ADA00B10D3C /* Assets.xcassets in Resources */,
				8810CA5529A53AD900B10D3C /* Main.storyboard in Resources */,
				883D147629A65C6600190FC5 /* simon_dice.png in Resources */,
			);
			runOnlyForDeploymentPostprocessing = 0;
		};
/* End PBXResourcesBuildPhase section */

/* Begin PBXSourcesBuildPhase section */
		8810CA4629A53AD900B10D3C /* Sources */ = {
			isa = PBXSourcesBuildPhase;
			buildActionMask = 2147483647;
			files = (
				8810CA5229A53AD900B10D3C /* ViewController.swift in Sources */,
				8810CA6C29A5426E00B10D3C /* JuegoViewController.swift in Sources */,
				8810CA4E29A53AD900B10D3C /* AppDelegate.swift in Sources */,
				8810CA5029A53AD900B10D3C /* SceneDelegate.swift in Sources */,
			);
			runOnlyForDeploymentPostprocessing = 0;
		};
/* End PBXSourcesBuildPhase section */

/* Begin PBXVariantGroup section */
		8810CA5329A53AD900B10D3C /* Main.storyboard */ = {
			isa = PBXVariantGroup;
			children = (
				8810CA5429A53AD900B10D3C /* Base */,
			);
			name = Main.storyboard;
			sourceTree = "<group>";
		};
		8810CA5829A53ADA00B10D3C /* LaunchScreen.storyboard */ = {
			isa = PBXVariantGroup;
			children = (
				8810CA5929A53ADA00B10D3C /* Base */,
			);
			name = LaunchScreen.storyboard;
			sourceTree = "<group>";
		};
		883D147429A65B8500190FC5 /* simon_dice.png */ = {
			isa = PBXVariantGroup;
			children = (
				883D147529A65BCE00190FC5 /* Base */,
			);
			name = simon_dice.png;
			path = "Images 11-57-29-833";
			sourceTree = "<group>";
		};
/* End PBXVariantGroup section */

/* Begin XCBuildConfiguration section */
		8810CA5C29A53ADA00B10D3C /* Debug */ = {
			isa = XCBuildConfiguration;
			buildSettings = {
				ALWAYS_SEARCH_USER_PATHS = NO;
				CLANG_ANALYZER_NONNULL = YES;
				CLANG_ANALYZER_NUMBER_OBJECT_CONVERSION = YES_AGGRESSIVE;
				CLANG_CXX_LANGUAGE_STANDARD = "gnu++20";
				CLANG_ENABLE_MODULES = YES;
				CLANG_ENABLE_OBJC_ARC = YES;
				CLANG_ENABLE_OBJC_WEAK = YES;
				CLANG_WARN_BLOCK_CAPTURE_AUTORELEASING = YES;
				CLANG_WARN_BOOL_CONVERSION = YES;
				CLANG_WARN_COMMA = YES;
				CLANG_WARN_CONSTANT_CONVERSION = YES;
				CLANG_WARN_DEPRECATED_OBJC_IMPLEMENTATIONS = YES;
				CLANG_WARN_DIRECT_OBJC_ISA_USAGE = YES_ERROR;
				CLANG_WARN_DOCUMENTATION_COMMENTS = YES;
				CLANG_WARN_EMPTY_BODY = YES;
				CLANG_WARN_ENUM_CONVERSION = YES;
				CLANG_WARN_INFINITE_RECURSION = YES;
				CLANG_WARN_INT_CONVERSION = YES;
				CLANG_WARN_NON_LITERAL_NULL_CONVERSION = YES;
				CLANG_WARN_OBJC_IMPLICIT_RETAIN_SELF = YES;
				CLANG_WARN_OBJC_LITERAL_CONVERSION = YES;
				CLANG_WARN_OBJC_ROOT_CLASS = YES_ERROR;
				CLANG_WARN_QUOTED_INCLUDE_IN_FRAMEWORK_HEADER = YES;
				CLANG_WARN_RANGE_LOOP_ANALYSIS = YES;
				CLANG_WARN_STRICT_PROTOTYPES = YES;
				CLANG_WARN_SUSPICIOUS_MOVE = YES;
				CLANG_WARN_UNGUARDED_AVAILABILITY = YES_AGGRESSIVE;
				CLANG_WARN_UNREACHABLE_CODE = YES;
				CLANG_WARN__DUPLICATE_METHOD_MATCH = YES;
				COPY_PHASE_STRIP = NO;
				DEBUG_INFORMATION_FORMAT = dwarf;
				ENABLE_STRICT_OBJC_MSGSEND = YES;
				ENABLE_TESTABILITY = YES;
				GCC_C_LANGUAGE_STANDARD = gnu11;
				GCC_DYNAMIC_NO_PIC = NO;
				GCC_NO_COMMON_BLOCKS = YES;
				GCC_OPTIMIZATION_LEVEL = 0;
				GCC_PREPROCESSOR_DEFINITIONS = (
					"DEBUG=1",
					"$(inherited)",
				);
				GCC_WARN_64_TO_32_BIT_CONVERSION = YES;
				GCC_WARN_ABOUT_RETURN_TYPE = YES_ERROR;
				GCC_WARN_UNDECLARED_SELECTOR = YES;
				GCC_WARN_UNINITIALIZED_AUTOS = YES_AGGRESSIVE;
				GCC_WARN_UNUSED_FUNCTION = YES;
				GCC_WARN_UNUSED_VARIABLE = YES;
				IPHONEOS_DEPLOYMENT_TARGET = 16.2;
				MTL_ENABLE_DEBUG_INFO = INCLUDE_SOURCE;
				MTL_FAST_MATH = YES;
				ONLY_ACTIVE_ARCH = YES;
				SDKROOT = iphoneos;
				SWIFT_ACTIVE_COMPILATION_CONDITIONS = DEBUG;
				SWIFT_OPTIMIZATION_LEVEL = "-Onone";
			};
			name = Debug;
		};
		8810CA5D29A53ADA00B10D3C /* Release */ = {
			isa = XCBuildConfiguration;
			buildSettings = {
				ALWAYS_SEARCH_USER_PATHS = NO;
				CLANG_ANALYZER_NONNULL = YES;
				CLANG_ANALYZER_NUMBER_OBJECT_CONVERSION = YES_AGGRESSIVE;
				CLANG_CXX_LANGUAGE_STANDARD = "gnu++20";
				CLANG_ENABLE_MODULES = YES;
				CLANG_ENABLE_OBJC_ARC = YES;
				CLANG_ENABLE_OBJC_WEAK = YES;
				CLANG_WARN_BLOCK_CAPTURE_AUTORELEASING = YES;
				CLANG_WARN_BOOL_CONVERSION = YES;
				CLANG_WARN_COMMA = YES;
				CLANG_WARN_CONSTANT_CONVERSION = YES;
				CLANG_WARN_DEPRECATED_OBJC_IMPLEMENTATIONS = YES;
				CLANG_WARN_DIRECT_OBJC_ISA_USAGE = YES_ERROR;
				CLANG_WARN_DOCUMENTATION_COMMENTS = YES;
				CLANG_WARN_EMPTY_BODY = YES;
				CLANG_WARN_ENUM_CONVERSION = YES;
				CLANG_WARN_INFINITE_RECURSION = YES;
				CLANG_WARN_INT_CONVERSION = YES;
				CLANG_WARN_NON_LITERAL_NULL_CONVERSION = YES;
				CLANG_WARN_OBJC_IMPLICIT_RETAIN_SELF = YES;
				CLANG_WARN_OBJC_LITERAL_CONVERSION = YES;
				CLANG_WARN_OBJC_ROOT_CLASS = YES_ERROR;
				CLANG_WARN_QUOTED_INCLUDE_IN_FRAMEWORK_HEADER = YES;
				CLANG_WARN_RANGE_LOOP_ANALYSIS = YES;
				CLANG_WARN_STRICT_PROTOTYPES = YES;
				CLANG_WARN_SUSPICIOUS_MOVE = YES;
				CLANG_WARN_UNGUARDED_AVAILABILITY = YES_AGGRESSIVE;
				CLANG_WARN_UNREACHABLE_CODE = YES;
				CLANG_WARN__DUPLICATE_METHOD_MATCH = YES;
				COPY_PHASE_STRIP = NO;
				DEBUG_INFORMATION_FORMAT = "dwarf-with-dsym";
				ENABLE_NS_ASSERTIONS = NO;
				ENABLE_STRICT_OBJC_MSGSEND = YES;
				GCC_C_LANGUAGE_STANDARD = gnu11;
				GCC_NO_COMMON_BLOCKS = YES;
				GCC_WARN_64_TO_32_BIT_CONVERSION = YES;
				GCC_WARN_ABOUT_RETURN_TYPE = YES_ERROR;
				GCC_WARN_UNDECLARED_SELECTOR = YES;
				GCC_WARN_UNINITIALIZED_AUTOS = YES_AGGRESSIVE;
				GCC_WARN_UNUSED_FUNCTION = YES;
				GCC_WARN_UNUSED_VARIABLE = YES;
				IPHONEOS_DEPLOYMENT_TARGET = 16.2;
				MTL_ENABLE_DEBUG_INFO = NO;
				MTL_FAST_MATH = YES;
				SDKROOT = iphoneos;
				SWIFT_COMPILATION_MODE = wholemodule;
				SWIFT_OPTIMIZATION_LEVEL = "-O";
				VALIDATE_PRODUCT = YES;
			};
			name = Release;
		};
		8810CA5F29A53ADA00B10D3C /* Debug */ = {
			isa = XCBuildConfiguration;
			buildSettings = {
				ASSETCATALOG_COMPILER_APPICON_NAME = AppIcon;
				ASSETCATALOG_COMPILER_GLOBAL_ACCENT_COLOR_NAME = AccentColor;
				CODE_SIGN_STYLE = Automatic;
				CURRENT_PROJECT_VERSION = 1;
				GENERATE_INFOPLIST_FILE = YES;
				INFOPLIST_FILE = "Simon dice/Info.plist";
				INFOPLIST_KEY_UIApplicationSupportsIndirectInputEvents = YES;
				INFOPLIST_KEY_UILaunchStoryboardName = LaunchScreen;
				INFOPLIST_KEY_UIMainStoryboardFile = Main;
				INFOPLIST_KEY_UISupportedInterfaceOrientations_iPad = "UIInterfaceOrientationPortrait UIInterfaceOrientationPortraitUpsideDown UIInterfaceOrientationLandscapeLeft UIInterfaceOrientationLandscapeRight";
				INFOPLIST_KEY_UISupportedInterfaceOrientations_iPhone = "UIInterfaceOrientationPortrait UIInterfaceOrientationLandscapeLeft UIInterfaceOrientationLandscapeRight";
				LD_RUNPATH_SEARCH_PATHS = (
					"$(inherited)",
					"@executable_path/Frameworks",
				);
				MARKETING_VERSION = 1.0;
				PRODUCT_BUNDLE_IDENTIFIER = "UTT.Simon-dice";
				PRODUCT_NAME = "$(TARGET_NAME)";
				SWIFT_EMIT_LOC_STRINGS = YES;
				SWIFT_VERSION = 5.0;
				TARGETED_DEVICE_FAMILY = "1,2";
			};
			name = Debug;
		};
		8810CA6029A53ADA00B10D3C /* Release */ = {
			isa = XCBuildConfiguration;
			buildSettings = {
				ASSETCATALOG_COMPILER_APPICON_NAME = AppIcon;
				ASSETCATALOG_COMPILER_GLOBAL_ACCENT_COLOR_NAME = AccentColor;
				CODE_SIGN_STYLE = Automatic;
				CURRENT_PROJECT_VERSION = 1;
				GENERATE_INFOPLIST_FILE = YES;
				INFOPLIST_FILE = "Simon dice/Info.plist";
				INFOPLIST_KEY_UIApplicationSupportsIndirectInputEvents = YES;
				INFOPLIST_KEY_UILaunchStoryboardName = LaunchScreen;
				INFOPLIST_KEY_UIMainStoryboardFile = Main;
				INFOPLIST_KEY_UISupportedInterfaceOrientations_iPad = "UIInterfaceOrientationPortrait UIInterfaceOrientationPortraitUpsideDown UIInterfaceOrientationLandscapeLeft UIInterfaceOrientationLandscapeRight";
				INFOPLIST_KEY_UISupportedInterfaceOrientations_iPhone = "UIInterfaceOrientationPortrait UIInterfaceOrientationLandscapeLeft UIInterfaceOrientationLandscapeRight";
				LD_RUNPATH_SEARCH_PATHS = (
					"$(inherited)",
					"@executable_path/Frameworks",
				);
				MARKETING_VERSION = 1.0;
				PRODUCT_BUNDLE_IDENTIFIER = "UTT.Simon-dice";
				PRODUCT_NAME = "$(TARGET_NAME)";
				SWIFT_EMIT_LOC_STRINGS = YES;
				SWIFT_VERSION = 5.0;
				TARGETED_DEVICE_FAMILY = "1,2";
			};
			name = Release;
		};
/* End XCBuildConfiguration section */

/* Begin XCConfigurationList section */
		8810CA4529A53AD900B10D3C /* Build configuration list for PBXProject "Simon dice" */ = {
			isa = XCConfigurationList;
			buildConfigurations = (
				8810CA5C29A53ADA00B10D3C /* Debug */,
				8810CA5D29A53ADA00B10D3C /* Release */,
			);
			defaultConfigurationIsVisible = 0;
			defaultConfigurationName = Release;
		};
		8810CA5E29A53ADA00B10D3C /* Build configuration list for PBXNativeTarget "Simon dice" */ = {
			isa = XCConfigurationList;
			buildConfigurations = (
				8810CA5F29A53ADA00B10D3C /* Debug */,
				8810CA6029A53ADA00B10D3C /* Release */,
			);
			defaultConfigurationIsVisible = 0;
			defaultConfigurationName = Release;
		};
/* End XCConfigurationList section */
	};
	rootObject = 8810CA4229A53AD900B10D3C /* Project object */;
}
